
Microsoft Visual Studio Solution File, Format Version 12.00
# Visual Studio Version 17
VisualStudioVersion = 17.7.34031.279
MinimumVisualStudioVersion = 10.0.40219.1
Project("{FAE04EC0-301F-11D3-BF4B-00C04F79EFBC}") = "Week15OOPAndFiles", "Week15OOPAndFiles\Week15OOPAndFiles.csproj", "{763CEC8D-E81E-4D09-A020-88C8871F5C90}"
EndProject
Global
	GlobalSection(SolutionConfigurationPlatforms) = preSolution
		Debug|Any CPU = Debug|Any CPU
		Release|Any CPU = Release|Any CPU
	EndGlobalSection
	GlobalSection(ProjectConfigurationPlatforms) = postSolution
		{763CEC8D-E81E-4D09-A020-88C8871F5C90}.Debug|Any CPU.ActiveCfg = Debug|Any CPU
		{763CEC8D-E81E-4D09-A020-88C8871F5C90}.Debug|Any CPU.Build.0 = Debug|Any CPU
		{763CEC8D-E81E-4D09-A020-88C8871F5C90}.Release|Any CPU.ActiveCfg = Release|Any CPU
		{763CEC8D-E81E-4D09-A020-88C8871F5C90}.Release|Any CPU.Build.0 = Release|Any CPU
	EndGlobalSection
	GlobalSection(SolutionProperties) = preSolution
		HideSolutionNode = FALSE
	EndGlobalSection
	GlobalSection(ExtensibilityGlobals) = postSolution
		SolutionGuid = {4E283F55-7231-4819-BD87-93F690C229FD}
	EndGlobalSection
EndGlobal
